
Microsoft Visual Studio Solution File, Format Version 12.00
# Visual Studio Version 16
VisualStudioVersion = 16.0.30225.117
MinimumVisualStudioVersion = 10.0.40219.1
Project("{9A19103F-16F7-4668-BE54-9A1E7A4F7556}") = "StockTrackingCore.Entities", "StockTrackingCore.Entities\StockTrackingCore.Entities.csproj", "{C8FCA3F2-BA65-429C-80B5-0E1ECC9EAFBB}"
EndProject
Project("{9A19103F-16F7-4668-BE54-9A1E7A4F7556}") = "StockTrackingCore.DataAccess", "StockTrackingCore.DataAccess\StockTrackingCore.DataAccess.csproj", "{80191D18-CB81-4785-87F8-EED2042B8B9F}"
EndProject
Project("{9A19103F-16F7-4668-BE54-9A1E7A4F7556}") = "StockTrackingCore.Business", "StockTrackingCore.Business\StockTrackingCore.Business.csproj", "{48A0EF3D-9077-4210-A3DB-02A7A693E35A}"
EndProject
Project("{9A19103F-16F7-4668-BE54-9A1E7A4F7556}") = "StockTrackingCore.Api", "StockTrackingCore.Api\StockTrackingCore.Api.csproj", "{2EE4D25E-5C11-498B-9F43-6CB428A8070A}"
EndProject
Global
	GlobalSection(SolutionConfigurationPlatforms) = preSolution
		Debug|Any CPU = Debug|Any CPU
		Release|Any CPU = Release|Any CPU
	EndGlobalSection
	GlobalSection(ProjectConfigurationPlatforms) = postSolution
		{C8FCA3F2-BA65-429C-80B5-0E1ECC9EAFBB}.Debug|Any CPU.ActiveCfg = Debug|Any CPU
		{C8FCA3F2-BA65-429C-80B5-0E1ECC9EAFBB}.Debug|Any CPU.Build.0 = Debug|Any CPU
		{C8FCA3F2-BA65-429C-80B5-0E1ECC9EAFBB}.Release|Any CPU.ActiveCfg = Release|Any CPU
		{C8FCA3F2-BA65-429C-80B5-0E1ECC9EAFBB}.Release|Any CPU.Build.0 = Release|Any CPU
		{80191D18-CB81-4785-87F8-EED2042B8B9F}.Debug|Any CPU.ActiveCfg = Debug|Any CPU
		{80191D18-CB81-4785-87F8-EED2042B8B9F}.Debug|Any CPU.Build.0 = Debug|Any CPU
		{80191D18-CB81-4785-87F8-EED2042B8B9F}.Release|Any CPU.ActiveCfg = Release|Any CPU
		{80191D18-CB81-4785-87F8-EED2042B8B9F}.Release|Any CPU.Build.0 = Release|Any CPU
		{48A0EF3D-9077-4210-A3DB-02A7A693E35A}.Debug|Any CPU.ActiveCfg = Debug|Any CPU
		{48A0EF3D-9077-4210-A3DB-02A7A693E35A}.Debug|Any CPU.Build.0 = Debug|Any CPU
		{48A0EF3D-9077-4210-A3DB-02A7A693E35A}.Release|Any CPU.ActiveCfg = Release|Any CPU
		{48A0EF3D-9077-4210-A3DB-02A7A693E35A}.Release|Any CPU.Build.0 = Release|Any CPU
		{2EE4D25E-5C11-498B-9F43-6CB428A8070A}.Debug|Any CPU.ActiveCfg = Debug|Any CPU
		{2EE4D25E-5C11-498B-9F43-6CB428A8070A}.Debug|Any CPU.Build.0 = Debug|Any CPU
		{2EE4D25E-5C11-498B-9F43-6CB428A8070A}.Release|Any CPU.ActiveCfg = Release|Any CPU
		{2EE4D25E-5C11-498B-9F43-6CB428A8070A}.Release|Any CPU.Build.0 = Release|Any CPU
	EndGlobalSection
	GlobalSection(SolutionProperties) = preSolution
		HideSolutionNode = FALSE
	EndGlobalSection
	GlobalSection(ExtensibilityGlobals) = postSolution
		SolutionGuid = {8181103C-E8C0-493F-ACDE-4D22FC4B5B29}
	EndGlobalSection
EndGlobal
